{
  "lockfile_version": "1",
  "packages": {
    "go@1.20.3": {
      "last_modified": "2023-05-01T16:53:22Z",
      "resolved": "github:NixOS/nixpkgs/8670e496ffd093b60e74e7fa53526aa5920d09eb#go",
      "version": "1.20.3"
    },
    "gomodifytags@latest": {
      "last_modified": "2023-05-01T16:53:22Z",
      "resolved": "github:NixOS/nixpkgs/8670e496ffd093b60e74e7fa53526aa5920d09eb#gomodifytags",
      "version": "1.16.0"
    },
    "gopls@latest": {
      "last_modified": "2023-05-01T16:53:22Z",
      "resolved": "github:NixOS/nixpkgs/8670e496ffd093b60e74e7fa53526aa5920d09eb#gopls",
      "version": "0.11.0"
    },
    "gotests@latest": {
      "last_modified": "2023-05-01T16:53:22Z",
      "resolved": "github:NixOS/nixpkgs/8670e496ffd093b60e74e7fa53526aa5920d09eb#gotests",
      "version": "1.6.0"
    },
    "impl@latest": {
      "last_modified": "2020-07-25T14:50:18Z",
      "resolved": "github:NixOS/nixpkgs/c311bf1eb581145ced44436e76079a96f6de9f15#impl",
      "version": "2019-11-19"
    }
  }
}